
Microsoft Visual Studio Solution File, Format Version 12.00
# Visual Studio 15
VisualStudioVersion = 15.0.27428.2015
MinimumVisualStudioVersion = 10.0.40219.1
Project("{FAE04EC0-301F-11D3-BF4B-00C04F79EFBC}") = "Jobs", "Jobs\Jobs.csproj", "{31E2DF16-8BBB-49DF-94DF-8C44C2A42CBA}"
EndProject
Global
	GlobalSection(SolutionConfigurationPlatforms) = preSolution
		Debug|Any CPU = Debug|Any CPU
		Release|Any CPU = Release|Any CPU
	EndGlobalSection
	GlobalSection(ProjectConfigurationPlatforms) = postSolution
		{31E2DF16-8BBB-49DF-94DF-8C44C2A42CBA}.Debug|Any CPU.ActiveCfg = Debug|Any CPU
		{31E2DF16-8BBB-49DF-94DF-8C44C2A42CBA}.Debug|Any CPU.Build.0 = Debug|Any CPU
		{31E2DF16-8BBB-49DF-94DF-8C44C2A42CBA}.Release|Any CPU.ActiveCfg = Release|Any CPU
		{31E2DF16-8BBB-49DF-94DF-8C44C2A42CBA}.Release|Any CPU.Build.0 = Release|Any CPU
	EndGlobalSection
	GlobalSection(SolutionProperties) = preSolution
		HideSolutionNode = FALSE
	EndGlobalSection
	GlobalSection(ExtensibilityGlobals) = postSolution
		SolutionGuid = {09E3B5A2-959F-492B-BF98-322CD2983F99}
	EndGlobalSection
EndGlobal
